
Microsoft Visual Studio Solution File, Format Version 12.00
# Visual Studio Version 16
VisualStudioVersion = 16.0.30804.86
MinimumVisualStudioVersion = 10.0.40219.1
Project("{FAE04EC0-301F-11D3-BF4B-00C04F79EFBC}") = "UWPFastTrackTemplateVSIX", "UWPFastTrackTemplateVSIX\UWPFastTrackTemplateVSIX.csproj", "{93992F9E-62D4-4CFC-86A5-734286E47972}"
EndProject
Project("{FAE04EC0-301F-11D3-BF4B-00C04F79EFBC}") = "UWPFastTrackTemplate.UWP", "UWPFastTrackTemplate.UWP\UWPFastTrackTemplate.UWP.csproj", "{8DB1310D-0958-4FD8-90D4-DC6BA7CBF14C}"
EndProject
Project("{FAE04EC0-301F-11D3-BF4B-00C04F79EFBC}") = "UWPFastTrackTemplate", "UWPFastTrackTemplate\UWPFastTrackTemplate.csproj", "{ED4C557D-26C1-4C79-8CAE-14255496B57A}"
EndProject
Global
	GlobalSection(SolutionConfigurationPlatforms) = preSolution
		Debug|Any CPU = Debug|Any CPU
		Debug|ARM = Debug|ARM
		Debug|ARM64 = Debug|ARM64
		Debug|x64 = Debug|x64
		Debug|x86 = Debug|x86
		Release|Any CPU = Release|Any CPU
		Release|ARM = Release|ARM
		Release|ARM64 = Release|ARM64
		Release|x64 = Release|x64
		Release|x86 = Release|x86
	EndGlobalSection
	GlobalSection(ProjectConfigurationPlatforms) = postSolution
		{93992F9E-62D4-4CFC-86A5-734286E47972}.Debug|Any CPU.ActiveCfg = Debug|Any CPU
		{93992F9E-62D4-4CFC-86A5-734286E47972}.Debug|Any CPU.Build.0 = Debug|Any CPU
		{93992F9E-62D4-4CFC-86A5-734286E47972}.Debug|ARM.ActiveCfg = Debug|Any CPU
		{93992F9E-62D4-4CFC-86A5-734286E47972}.Debug|ARM.Build.0 = Debug|Any CPU
		{93992F9E-62D4-4CFC-86A5-734286E47972}.Debug|ARM64.ActiveCfg = Debug|Any CPU
		{93992F9E-62D4-4CFC-86A5-734286E47972}.Debug|ARM64.Build.0 = Debug|Any CPU
		{93992F9E-62D4-4CFC-86A5-734286E47972}.Debug|x64.ActiveCfg = Debug|Any CPU
		{93992F9E-62D4-4CFC-86A5-734286E47972}.Debug|x64.Build.0 = Debug|Any CPU
		{93992F9E-62D4-4CFC-86A5-734286E47972}.Debug|x86.ActiveCfg = Debug|Any CPU
		{93992F9E-62D4-4CFC-86A5-734286E47972}.Debug|x86.Build.0 = Debug|Any CPU
		{93992F9E-62D4-4CFC-86A5-734286E47972}.Release|Any CPU.ActiveCfg = Release|Any CPU
		{93992F9E-62D4-4CFC-86A5-734286E47972}.Release|Any CPU.Build.0 = Release|Any CPU
		{93992F9E-62D4-4CFC-86A5-734286E47972}.Release|ARM.ActiveCfg = Release|Any CPU
		{93992F9E-62D4-4CFC-86A5-734286E47972}.Release|ARM.Build.0 = Release|Any CPU
		{93992F9E-62D4-4CFC-86A5-734286E47972}.Release|ARM64.ActiveCfg = Release|Any CPU
		{93992F9E-62D4-4CFC-86A5-734286E47972}.Release|ARM64.Build.0 = Release|Any CPU
		{93992F9E-62D4-4CFC-86A5-734286E47972}.Release|x64.ActiveCfg = Release|Any CPU
		{93992F9E-62D4-4CFC-86A5-734286E47972}.Release|x64.Build.0 = Release|Any CPU
		{93992F9E-62D4-4CFC-86A5-734286E47972}.Release|x86.ActiveCfg = Release|Any CPU
		{93992F9E-62D4-4CFC-86A5-734286E47972}.Release|x86.Build.0 = Release|Any CPU
		{8DB1310D-0958-4FD8-90D4-DC6BA7CBF14C}.Debug|Any CPU.ActiveCfg = Debug|x86
		{8DB1310D-0958-4FD8-90D4-DC6BA7CBF14C}.Debug|ARM.ActiveCfg = Debug|ARM
		{8DB1310D-0958-4FD8-90D4-DC6BA7CBF14C}.Debug|ARM.Build.0 = Debug|ARM
		{8DB1310D-0958-4FD8-90D4-DC6BA7CBF14C}.Debug|ARM.Deploy.0 = Debug|ARM
		{8DB1310D-0958-4FD8-90D4-DC6BA7CBF14C}.Debug|ARM64.ActiveCfg = Debug|ARM64
		{8DB1310D-0958-4FD8-90D4-DC6BA7CBF14C}.Debug|ARM64.Build.0 = Debug|ARM64
		{8DB1310D-0958-4FD8-90D4-DC6BA7CBF14C}.Debug|ARM64.Deploy.0 = Debug|ARM64
		{8DB1310D-0958-4FD8-90D4-DC6BA7CBF14C}.Debug|x64.ActiveCfg = Debug|x64
		{8DB1310D-0958-4FD8-90D4-DC6BA7CBF14C}.Debug|x64.Build.0 = Debug|x64
		{8DB1310D-0958-4FD8-90D4-DC6BA7CBF14C}.Debug|x64.Deploy.0 = Debug|x64
		{8DB1310D-0958-4FD8-90D4-DC6BA7CBF14C}.Debug|x86.ActiveCfg = Debug|x86
		{8DB1310D-0958-4FD8-90D4-DC6BA7CBF14C}.Debug|x86.Build.0 = Debug|x86
		{8DB1310D-0958-4FD8-90D4-DC6BA7CBF14C}.Debug|x86.Deploy.0 = Debug|x86
		{8DB1310D-0958-4FD8-90D4-DC6BA7CBF14C}.Release|Any CPU.ActiveCfg = Release|x86
		{8DB1310D-0958-4FD8-90D4-DC6BA7CBF14C}.Release|ARM.ActiveCfg = Release|ARM
		{8DB1310D-0958-4FD8-90D4-DC6BA7CBF14C}.Release|ARM.Build.0 = Release|ARM
		{8DB1310D-0958-4FD8-90D4-DC6BA7CBF14C}.Release|ARM.Deploy.0 = Release|ARM
		{8DB1310D-0958-4FD8-90D4-DC6BA7CBF14C}.Release|ARM64.ActiveCfg = Release|ARM64
		{8DB1310D-0958-4FD8-90D4-DC6BA7CBF14C}.Release|ARM64.Build.0 = Release|ARM64
		{8DB1310D-0958-4FD8-90D4-DC6BA7CBF14C}.Release|ARM64.Deploy.0 = Release|ARM64
		{8DB1310D-0958-4FD8-90D4-DC6BA7CBF14C}.Release|x64.ActiveCfg = Release|x64
		{8DB1310D-0958-4FD8-90D4-DC6BA7CBF14C}.Release|x64.Build.0 = Release|x64
		{8DB1310D-0958-4FD8-90D4-DC6BA7CBF14C}.Release|x64.Deploy.0 = Release|x64
		{8DB1310D-0958-4FD8-90D4-DC6BA7CBF14C}.Release|x86.ActiveCfg = Release|x86
		{8DB1310D-0958-4FD8-90D4-DC6BA7CBF14C}.Release|x86.Build.0 = Release|x86
		{8DB1310D-0958-4FD8-90D4-DC6BA7CBF14C}.Release|x86.Deploy.0 = Release|x86
		{ED4C557D-26C1-4C79-8CAE-14255496B57A}.Debug|Any CPU.ActiveCfg = Debug|Any CPU
		{ED4C557D-26C1-4C79-8CAE-14255496B57A}.Debug|Any CPU.Build.0 = Debug|Any CPU
		{ED4C557D-26C1-4C79-8CAE-14255496B57A}.Debug|ARM.ActiveCfg = Debug|Any CPU
		{ED4C557D-26C1-4C79-8CAE-14255496B57A}.Debug|ARM.Build.0 = Debug|Any CPU
		{ED4C557D-26C1-4C79-8CAE-14255496B57A}.Debug|ARM64.ActiveCfg = Debug|Any CPU
		{ED4C557D-26C1-4C79-8CAE-14255496B57A}.Debug|ARM64.Build.0 = Debug|Any CPU
		{ED4C557D-26C1-4C79-8CAE-14255496B57A}.Debug|x64.ActiveCfg = Debug|Any CPU
		{ED4C557D-26C1-4C79-8CAE-14255496B57A}.Debug|x64.Build.0 = Debug|Any CPU
		{ED4C557D-26C1-4C79-8CAE-14255496B57A}.Debug|x86.ActiveCfg = Debug|Any CPU
		{ED4C557D-26C1-4C79-8CAE-14255496B57A}.Debug|x86.Build.0 = Debug|Any CPU
		{ED4C557D-26C1-4C79-8CAE-14255496B57A}.Release|Any CPU.ActiveCfg = Release|Any CPU
		{ED4C557D-26C1-4C79-8CAE-14255496B57A}.Release|Any CPU.Build.0 = Release|Any CPU
		{ED4C557D-26C1-4C79-8CAE-14255496B57A}.Release|ARM.ActiveCfg = Release|Any CPU
		{ED4C557D-26C1-4C79-8CAE-14255496B57A}.Release|ARM.Build.0 = Release|Any CPU
		{ED4C557D-26C1-4C79-8CAE-14255496B57A}.Release|ARM64.ActiveCfg = Release|Any CPU
		{ED4C557D-26C1-4C79-8CAE-14255496B57A}.Release|ARM64.Build.0 = Release|Any CPU
		{ED4C557D-26C1-4C79-8CAE-14255496B57A}.Release|x64.ActiveCfg = Release|Any CPU
		{ED4C557D-26C1-4C79-8CAE-14255496B57A}.Release|x64.Build.0 = Release|Any CPU
		{ED4C557D-26C1-4C79-8CAE-14255496B57A}.Release|x86.ActiveCfg = Release|Any CPU
		{ED4C557D-26C1-4C79-8CAE-14255496B57A}.Release|x86.Build.0 = Release|Any CPU
	EndGlobalSection
	GlobalSection(SolutionProperties) = preSolution
		HideSolutionNode = FALSE
	EndGlobalSection
	GlobalSection(ExtensibilityGlobals) = postSolution
		SolutionGuid = {AC961621-2326-44D0-AB09-B2E28F7AE38C}
	EndGlobalSection
EndGlobal
